
Microsoft Visual Studio Solution File, Format Version 12.00
# Visual Studio Version 17
VisualStudioVersion = 17.9.34622.214
MinimumVisualStudioVersion = 10.0.40219.1
Project("{9A19103F-16F7-4668-BE54-9A1E7A4F7556}") = "EmployeeTypeA", "WorkersList\EmployeeTypeA.csproj", "{57DA363A-3F29-4DD8-88B7-9EFABAD98287}"
EndProject
Global
	GlobalSection(SolutionConfigurationPlatforms) = preSolution
		Debug|Any CPU = Debug|Any CPU
		Release|Any CPU = Release|Any CPU
	EndGlobalSection
	GlobalSection(ProjectConfigurationPlatforms) = postSolution
		{57DA363A-3F29-4DD8-88B7-9EFABAD98287}.Debug|Any CPU.ActiveCfg = Debug|Any CPU
		{57DA363A-3F29-4DD8-88B7-9EFABAD98287}.Debug|Any CPU.Build.0 = Debug|Any CPU
		{57DA363A-3F29-4DD8-88B7-9EFABAD98287}.Release|Any CPU.ActiveCfg = Release|Any CPU
		{57DA363A-3F29-4DD8-88B7-9EFABAD98287}.Release|Any CPU.Build.0 = Release|Any CPU
	EndGlobalSection
	GlobalSection(SolutionProperties) = preSolution
		HideSolutionNode = FALSE
	EndGlobalSection
	GlobalSection(ExtensibilityGlobals) = postSolution
		SolutionGuid = {CDE7E548-C2D6-42EC-B56E-B8E800444145}
	EndGlobalSection
EndGlobal
